{
  "name": "hwrld",
  "version": "2.0.0",
  "lockfileVersion": 1,
  "requires": true,
  "dependencies": {
    "@tensorflow/tfjs-core": {
      "version": "0.12.15",
      "resolved": "https://registry.npmjs.org/@tensorflow/tfjs-core/-/tfjs-core-0.12.15.tgz",
      "integrity": "sha512-WkyaXOjLJMzYOrbSei5cnjTo/4SzCIFPENh4zSVITQONakjD+N3rWjgDbDo2T/a3r23uMsWrjCJ/JbIFLJSmAA==",
      "dev": true,
      "requires": {
        "@types/seedrandom": "~2.4.27",
        "@types/webgl-ext": "~0.0.29",
        "@types/webgl2": "~0.0.4",
        "seedrandom": "~2.4.3"
      }
    },
    "@types/seedrandom": {
      "version": "2.4.27",
      "resolved": "https://registry.npmjs.org/@types/seedrandom/-/seedrandom-2.4.27.tgz",
      "integrity": "sha1-nbVjk33YaRX2kJK8QyWdL0hXjkE=",
      "dev": true
    },
    "@types/webgl-ext": {
      "version": "0.0.29",
      "resolved": "https://registry.npmjs.org/@types/webgl-ext/-/webgl-ext-0.0.29.tgz",
      "integrity": "sha512-ZlVjDQU5Vlc9hF4LGdDldujZUf0amwlwGv1RI2bfvdrEHIl6X/7MZVpemJUjS7NxD9XaKfE8SlFrxsfXpUkt/A==",
      "dev": true
    },
    "@types/webgl2": {
      "version": "0.0.4",
      "resolved": "https://registry.npmjs.org/@types/webgl2/-/webgl2-0.0.4.tgz",
      "integrity": "sha512-PACt1xdErJbMUOUweSrbVM7gSIYm1vTncW2hF6Os/EeWi6TXYAYMPp+8v6rzHmypE5gHrxaxZNXgMkJVIdZpHw==",
      "dev": true
    },
    "seedrandom": {
      "version": "2.4.4",
      "resolved": "https://registry.npmjs.org/seedrandom/-/seedrandom-2.4.4.tgz",
      "integrity": "sha512-9A+PDmgm+2du77B5i0Ip2cxOqqHjgNxnBgglxLcX78A2D6c2rTo61z4jnVABpF4cKeDMDG+cmXXvdnqse2VqMA==",
      "dev": true
    },
    "typescript": {
      "version": "2.9.2",
      "resolved": "https://registry.npmjs.org/typescript/-/typescript-2.9.2.tgz",
      "integrity": "sha512-Gr4p6nFNaoufRIY4NMdpQRNmgxVIGMs4Fcu/ujdYk3nAZqk7supzBE9idmvfZIlH/Cuj//dvi+019qEue9lV0w==",
      "dev": true
    }
  }
}
